
Microsoft Visual Studio Solution File, Format Version 12.00
# Visual Studio Version 17
VisualStudioVersion = 17.11.35222.181
MinimumVisualStudioVersion = 10.0.40219.1
Project("{FAE04EC0-301F-11D3-BF4B-00C04F79EFBC}") = "BaiTapWeb", "BaiTapWeb.csproj", "{623D881F-BD76-4609-A916-D18A03CD180C}"
EndProject
Global
	GlobalSection(SolutionConfigurationPlatforms) = preSolution
		Debug|Any CPU = Debug|Any CPU
		Release|Any CPU = Release|Any CPU
	EndGlobalSection
	GlobalSection(ProjectConfigurationPlatforms) = postSolution
		{623D881F-BD76-4609-A916-D18A03CD180C}.Debug|Any CPU.ActiveCfg = Debug|Any CPU
		{623D881F-BD76-4609-A916-D18A03CD180C}.Debug|Any CPU.Build.0 = Debug|Any CPU
		{623D881F-BD76-4609-A916-D18A03CD180C}.Release|Any CPU.ActiveCfg = Release|Any CPU
		{623D881F-BD76-4609-A916-D18A03CD180C}.Release|Any CPU.Build.0 = Release|Any CPU
	EndGlobalSection
	GlobalSection(SolutionProperties) = preSolution
		HideSolutionNode = FALSE
	EndGlobalSection
	GlobalSection(ExtensibilityGlobals) = postSolution
		SolutionGuid = {A9C8D80B-943B-4D59-B088-579CBD282E8A}
	EndGlobalSection
EndGlobal
